# This file is automatically @generated by Cargo.
# It is not intended for manual editing.
version = 4

[[package]]
name = "adler2"
version = "2.0.0"
source = "registry+https://github.com/rust-lang/crates.io-index"
checksum = "512761e0bb2578dd7380c6baaa0f4ce03e84f95e960231d1dec8bf4d7d6e2627"

[[package]]
name = "aes"
version = "0.8.4"
source = "registry+https://github.com/rust-lang/crates.io-index"
checksum = "b169f7a6d4742236a0a00c541b845991d0ac43e546831af1249753ab4c3aa3a0"
dependencies = [
 "cfg-if",
 "cipher",
 "cpufeatures",
]

[[package]]
name = "aligned-vec"
version = "0.6.4"
source = "registry+https://github.com/rust-lang/crates.io-index"
checksum = "dc890384c8602f339876ded803c97ad529f3842aba97f6392b3dba0dd171769b"
dependencies = [
 "equator",
 "serde",
]

[[package]]
name = "anstream"
version = "0.6.18"
source = "registry+https://github.com/rust-lang/crates.io-index"
checksum = "8acc5369981196006228e28809f761875c0327210a891e941f4c683b3a99529b"
dependencies = [
 "anstyle",
 "anstyle-parse",
 "anstyle-query",
 "anstyle-wincon",
 "colorchoice",
 "is_terminal_polyfill",
 "utf8parse",
]

[[package]]
name = "anstyle"
version = "1.0.10"
source = "registry+https://github.com/rust-lang/crates.io-index"
checksum = "55cc3b69f167a1ef2e161439aa98aed94e6028e5f9a59be9a6ffb47aef1651f9"

[[package]]
name = "anstyle-parse"
version = "0.2.6"
source = "registry+https://github.com/rust-lang/crates.io-index"
checksum = "3b2d16507662817a6a20a9ea92df6652ee4f94f914589377d69f3b21bc5798a9"
dependencies = [
 "utf8parse",
]

[[package]]
name = "anstyle-query"
version = "1.1.2"
source = "registry+https://github.com/rust-lang/crates.io-index"
checksum = "79947af37f4177cfead1110013d678905c37501914fba0efea834c3fe9a8d60c"
dependencies = [
 "windows-sys",
]

[[package]]
name = "anstyle-wincon"
version = "3.0.6"
source = "registry+https://github.com/rust-lang/crates.io-index"
checksum = "2109dbce0e72be3ec00bed26e6a7479ca384ad226efdd66db8fa2e3a38c83125"
dependencies = [
 "anstyle",
 "windows-sys",
]

[[package]]
name = "arbitrary"
version = "1.4.1"
source = "registry+https://github.com/rust-lang/crates.io-index"
checksum = "dde20b3d026af13f561bdd0f15edf01fc734f0dafcedbaf42bba506a9517f223"
dependencies = [
 "derive_arbitrary",
]

[[package]]
name = "autocfg"
version = "1.4.0"
source = "registry+https://github.com/rust-lang/crates.io-index"
checksum = "ace50bade8e6234aa140d9a2f552bbee1db4d353f69b8217bc503490fc1a9f26"

[[package]]
name = "bincode"
version = "1.3.3"
source = "registry+https://github.com/rust-lang/crates.io-index"
checksum = "b1f45e9417d87227c7a56d22e471c6206462cba514c7590c09aff4cf6d1ddcad"
dependencies = [
 "serde",
]

[[package]]
name = "bitflags"
version = "2.9.0"
source = "registry+https://github.com/rust-lang/crates.io-index"
checksum = "5c8214115b7bf84099f1309324e63141d4c5d7cc26862f97a0a857dbefe165bd"

[[package]]
name = "block-buffer"
version = "0.10.4"
source = "registry+https://github.com/rust-lang/crates.io-index"
checksum = "3078c7629b62d3f0439517fa394996acacc5cbc91c5a20d8c658e77abd503a71"
dependencies = [
 "generic-array",
]

[[package]]
name = "bumpalo"
version = "3.16.0"
source = "registry+https://github.com/rust-lang/crates.io-index"
checksum = "79296716171880943b8470b5f8d03aa55eb2e645a4874bdbb28adb49162e012c"

[[package]]
name = "bytemuck"
version = "1.21.0"
source = "registry+https://github.com/rust-lang/crates.io-index"
checksum = "ef657dfab802224e671f5818e9a4935f9b1957ed18e58292690cc39e7a4092a3"

[[package]]
name = "byteorder"
version = "1.5.0"
source = "registry+https://github.com/rust-lang/crates.io-index"
checksum = "1fd0f2584146f6f2ef48085050886acf353beff7305ebd1ae69500e27c67f64b"

[[package]]
name = "bzip2"
version = "0.5.2"
source = "registry+https://github.com/rust-lang/crates.io-index"
checksum = "49ecfb22d906f800d4fe833b6282cf4dc1c298f5057ca0b5445e5c209735ca47"
dependencies = [
 "bzip2-sys",
]

[[package]]
name = "bzip2-sys"
version = "0.1.13+1.0.8"
source = "registry+https://github.com/rust-lang/crates.io-index"
checksum = "225bff33b2141874fe80d71e07d6eec4f85c5c216453dd96388240f96e1acc14"
dependencies = [
 "cc",
 "pkg-config",
]

[[package]]
name = "capnp"
version = "0.20.3"
source = "registry+https://github.com/rust-lang/crates.io-index"
checksum = "bce4e2d41c16cf9188f47ca4d59fdcdca1f33705af211bdb41f0afbd3442f8b5"
dependencies = [
 "embedded-io",
]

[[package]]
name = "capnpc"
version = "0.20.1"
source = "registry+https://github.com/rust-lang/crates.io-index"
checksum = "1aa3d5f01e69ed11656d2c7c47bf34327ea9bfb5c85c7de787fcd7b6c5e45b61"
dependencies = [
 "capnp",
]

[[package]]
name = "cc"
version = "1.2.18"
source = "registry+https://github.com/rust-lang/crates.io-index"
checksum = "525046617d8376e3db1deffb079e91cef90a89fc3ca5c185bbf8c9ecdd15cd5c"
dependencies = [
 "jobserver",
 "libc",
 "shlex",
]

[[package]]
name = "cfg-if"
version = "1.0.0"
source = "registry+https://github.com/rust-lang/crates.io-index"
checksum = "baf1de4339761588bc0619e3cbc0120ee582ebb74b53b4efbf79117bd2da40fd"

[[package]]
name = "cipher"
version = "0.4.4"
source = "registry+https://github.com/rust-lang/crates.io-index"
checksum = "773f3b9af64447d2ce9850330c473515014aa235e6a783b02db81ff39e4a3dad"
dependencies = [
 "crypto-common",
 "inout",
]

[[package]]
name = "clap"
version = "4.5.24"
source = "registry+https://github.com/rust-lang/crates.io-index"
checksum = "9560b07a799281c7e0958b9296854d6fafd4c5f31444a7e5bb1ad6dde5ccf1bd"
dependencies = [
 "clap_builder",
 "clap_derive",
]

[[package]]
name = "clap_builder"
version = "4.5.24"
source = "registry+https://github.com/rust-lang/crates.io-index"
checksum = "874e0dd3eb68bf99058751ac9712f622e61e6f393a94f7128fa26e3f02f5c7cd"
dependencies = [
 "anstream",
 "anstyle",
 "clap_lex",
 "strsim",
]

[[package]]
name = "clap_derive"
version = "4.5.24"
source = "registry+https://github.com/rust-lang/crates.io-index"
checksum = "54b755194d6389280185988721fffba69495eed5ee9feeee9a599b53db80318c"
dependencies = [
 "heck",
 "proc-macro2",
 "quote",
 "syn",
]

[[package]]
name = "clap_lex"
version = "0.7.4"
source = "registry+https://github.com/rust-lang/crates.io-index"
checksum = "f46ad14479a25103f283c0f10005961cf086d8dc42205bb44c46ac563475dca6"

[[package]]
name = "colorchoice"
version = "1.0.3"
source = "registry+https://github.com/rust-lang/crates.io-index"
checksum = "5b63caa9aa9397e2d9480a9b13673856c78d8ac123288526c37d7839f2a86990"

[[package]]
name = "concrete-keygen"
version = "0.1.0"
dependencies = [
 "capnp",
 "capnpc",
 "clap",
 "serde_json",
 "tfhe",
 "tfhe-csprng",
 "wasm-bindgen",
 "wasm-bindgen-futures",
 "web-sys",
 "zip",
]

[[package]]
name = "console_error_panic_hook"
version = "0.1.7"
source = "registry+https://github.com/rust-lang/crates.io-index"
checksum = "a06aeb73f470f66dcdbf7223caeebb85984942f22f1adb2a088cf9668146bbbc"
dependencies = [
 "cfg-if",
 "wasm-bindgen",
]

[[package]]
name = "constant_time_eq"
version = "0.3.1"
source = "registry+https://github.com/rust-lang/crates.io-index"
checksum = "7c74b8349d32d297c9134b8c88677813a227df8f779daa29bfc29c183fe3dca6"

[[package]]
name = "cpufeatures"
version = "0.2.16"
source = "registry+https://github.com/rust-lang/crates.io-index"
checksum = "16b80225097f2e5ae4e7179dd2266824648f3e2f49d9134d584b76389d31c4c3"
dependencies = [
 "libc",
]

[[package]]
name = "crc"
version = "3.2.1"
source = "registry+https://github.com/rust-lang/crates.io-index"
checksum = "69e6e4d7b33a94f0991c26729976b10ebde1d34c3ee82408fb536164fa10d636"
dependencies = [
 "crc-catalog",
]

[[package]]
name = "crc-catalog"
version = "2.4.0"
source = "registry+https://github.com/rust-lang/crates.io-index"
checksum = "19d374276b40fb8bbdee95aef7c7fa6b5316ec764510eb64b8dd0e2ed0d7e7f5"

[[package]]
name = "crc32fast"
version = "1.4.2"
source = "registry+https://github.com/rust-lang/crates.io-index"
checksum = "a97769d94ddab943e4510d138150169a2758b5ef3eb191a9ee688de3e23ef7b3"
dependencies = [
 "cfg-if",
]

[[package]]
name = "crossbeam-deque"
version = "0.8.6"
source = "registry+https://github.com/rust-lang/crates.io-index"
checksum = "9dd111b7b7f7d55b72c0a6ae361660ee5853c9af73f70c3c2ef6858b950e2e51"
dependencies = [
 "crossbeam-epoch",
 "crossbeam-utils",
]

[[package]]
name = "crossbeam-epoch"
version = "0.9.18"
source = "registry+https://github.com/rust-lang/crates.io-index"
checksum = "5b82ac4a3c2ca9c3460964f020e1402edd5753411d7737aa39c3714ad1b5420e"
dependencies = [
 "crossbeam-utils",
]

[[package]]
name = "crossbeam-utils"
version = "0.8.21"
source = "registry+https://github.com/rust-lang/crates.io-index"
checksum = "d0a5c400df2834b80a4c3327b3aad3a4c4cd4de0629063962b03235697506a28"

[[package]]
name = "crypto-common"
version = "0.1.6"
source = "registry+https://github.com/rust-lang/crates.io-index"
checksum = "1bfb12502f3fc46cca1bb51ac28df9d618d813cdc3d2f25b9fe775a34af26bb3"
dependencies = [
 "generic-array",
 "typenum",
]

[[package]]
name = "deflate64"
version = "0.1.9"
source = "registry+https://github.com/rust-lang/crates.io-index"
checksum = "da692b8d1080ea3045efaab14434d40468c3d8657e42abddfffca87b428f4c1b"

[[package]]
name = "deranged"
version = "0.4.0"
source = "registry+https://github.com/rust-lang/crates.io-index"
checksum = "9c9e6a11ca8224451684bc0d7d5a7adbf8f2fd6887261a1cfc3c0432f9d4068e"
dependencies = [
 "powerfmt",
]

[[package]]
name = "derive_arbitrary"
version = "1.4.1"
source = "registry+https://github.com/rust-lang/crates.io-index"
checksum = "30542c1ad912e0e3d22a1935c290e12e8a29d704a420177a31faad4a601a0800"
dependencies = [
 "proc-macro2",
 "quote",
 "syn",
]

[[package]]
name = "digest"
version = "0.10.7"
source = "registry+https://github.com/rust-lang/crates.io-index"
checksum = "9ed9a281f7bc9b7576e61468ba615a66a5c8cfdff42420a70aa82701a3b1e292"
dependencies = [
 "block-buffer",
 "crypto-common",
 "subtle",
]

[[package]]
name = "dyn-stack"
version = "0.11.0"
source = "registry+https://github.com/rust-lang/crates.io-index"
checksum = "bf6fa63092e3ca9f602f6500fddd05502412b748c4c4682938565b44eb9e0066"
dependencies = [
 "bytemuck",
]

[[package]]
name = "either"
version = "1.13.0"
source = "registry+https://github.com/rust-lang/crates.io-index"
checksum = "60b1af1c220855b6ceac025d3f6ecdd2b7c4894bfe9cd9bda4fbb4bc7c0d4cf0"

[[package]]
name = "embedded-io"
version = "0.6.1"
source = "registry+https://github.com/rust-lang/crates.io-index"
checksum = "edd0f118536f44f5ccd48bcb8b111bdc3de888b58c74639dfb034a357d0f206d"

[[package]]
name = "equator"
version = "0.4.2"
source = "registry+https://github.com/rust-lang/crates.io-index"
checksum = "4711b213838dfee0117e3be6ac926007d7f433d7bbe33595975d4190cb07e6fc"
dependencies = [
 "equator-macro",
]

[[package]]
name = "equator-macro"
version = "0.4.2"
source = "registry+https://github.com/rust-lang/crates.io-index"
checksum = "44f23cf4b44bfce11a86ace86f8a73ffdec849c9fd00a386a53d278bd9e81fb3"
dependencies = [
 "proc-macro2",
 "quote",
 "syn",
]

[[package]]
name = "equivalent"
version = "1.0.2"
source = "registry+https://github.com/rust-lang/crates.io-index"
checksum = "877a4ace8713b0bcf2a4e7eec82529c029f1d0619886d18145fea96c3ffe5c0f"

[[package]]
name = "flate2"
version = "1.1.1"
source = "registry+https://github.com/rust-lang/crates.io-index"
checksum = "7ced92e76e966ca2fd84c8f7aa01a4aea65b0eb6648d72f7c8f3e2764a67fece"
dependencies = [
 "crc32fast",
 "miniz_oxide",
]

[[package]]
name = "generic-array"
version = "0.14.7"
source = "registry+https://github.com/rust-lang/crates.io-index"
checksum = "85649ca51fd72272d7821adaf274ad91c288277713d9c18820d8499a7ff69e9a"
dependencies = [
 "typenum",
 "version_check",
]

[[package]]
name = "getrandom"
version = "0.2.15"
source = "registry+https://github.com/rust-lang/crates.io-index"
checksum = "c4567c8db10ae91089c99af84c68c38da3ec2f087c3f82960bcdbf3656b6f4d7"
dependencies = [
 "cfg-if",
 "js-sys",
 "libc",
 "wasi 0.11.0+wasi-snapshot-preview1",
 "wasm-bindgen",
]

[[package]]
name = "getrandom"
version = "0.3.2"
source = "registry+https://github.com/rust-lang/crates.io-index"
checksum = "73fea8450eea4bac3940448fb7ae50d91f034f941199fcd9d909a5a07aa455f0"
dependencies = [
 "cfg-if",
 "js-sys",
 "libc",
 "r-efi",
 "wasi 0.14.2+wasi-0.2.4",
 "wasm-bindgen",
]

[[package]]
name = "hashbrown"
version = "0.15.2"
source = "registry+https://github.com/rust-lang/crates.io-index"
checksum = "bf151400ff0baff5465007dd2f3e717f3fe502074ca563069ce3a6629d07b289"

[[package]]
name = "heck"
version = "0.5.0"
source = "registry+https://github.com/rust-lang/crates.io-index"
checksum = "2304e00983f87ffb38b55b444b5e3b60a884b5d30c0fca7d82fe33449bbe55ea"

[[package]]
name = "hmac"
version = "0.12.1"
source = "registry+https://github.com/rust-lang/crates.io-index"
checksum = "6c49c37c09c17a53d937dfbb742eb3a961d65a994e6bcdcf37e7399d0cc8ab5e"
dependencies = [
 "digest",
]

[[package]]
name = "indexmap"
version = "2.9.0"
source = "registry+https://github.com/rust-lang/crates.io-index"
checksum = "cea70ddb795996207ad57735b50c5982d8844f38ba9ee5f1aedcfb708a2aa11e"
dependencies = [
 "equivalent",
 "hashbrown",
]

[[package]]
name = "inout"
version = "0.1.3"
source = "registry+https://github.com/rust-lang/crates.io-index"
checksum = "a0c10553d664a4d0bcff9f4215d0aac67a639cc68ef660840afe309b807bc9f5"
dependencies = [
 "generic-array",
]

[[package]]
name = "is_terminal_polyfill"
version = "1.70.1"
source = "registry+https://github.com/rust-lang/crates.io-index"
checksum = "7943c866cc5cd64cbc25b2e01621d07fa8eb2a1a23160ee81ce38704e97b8ecf"

[[package]]
name = "itertools"
version = "0.14.0"
source = "registry+https://github.com/rust-lang/crates.io-index"
checksum = "2b192c782037fadd9cfa75548310488aabdbf3d2da73885b31bd0abd03351285"
dependencies = [
 "either",
]

[[package]]
name = "itoa"
version = "1.0.14"
source = "registry+https://github.com/rust-lang/crates.io-index"
checksum = "d75a2a4b1b190afb6f5425f10f6a8f959d2ea0b9c2b1d79553551850539e4674"

[[package]]
name = "jobserver"
version = "0.1.32"
source = "registry+https://github.com/rust-lang/crates.io-index"
checksum = "48d1dbcbbeb6a7fec7e059840aa538bd62aaccf972c7346c4d9d2059312853d0"
dependencies = [
 "libc",
]

[[package]]
name = "js-sys"
version = "0.3.77"
source = "registry+https://github.com/rust-lang/crates.io-index"
checksum = "1cfaf33c695fc6e08064efbc1f72ec937429614f25eef83af942d0e227c3a28f"
dependencies = [
 "once_cell",
 "wasm-bindgen",
]

[[package]]
name = "libc"
version = "0.2.169"
source = "registry+https://github.com/rust-lang/crates.io-index"
checksum = "b5aba8db14291edd000dfcc4d620c7ebfb122c613afb886ca8803fa4e128a20a"

[[package]]
name = "libm"
version = "0.2.11"
source = "registry+https://github.com/rust-lang/crates.io-index"
checksum = "8355be11b20d696c8f18f6cc018c4e372165b1fa8126cef092399c9951984ffa"

[[package]]
name = "lockfree-object-pool"
version = "0.1.6"
source = "registry+https://github.com/rust-lang/crates.io-index"
checksum = "9374ef4228402d4b7e403e5838cb880d9ee663314b0a900d5a6aabf0c213552e"

[[package]]
name = "log"
version = "0.4.22"
source = "registry+https://github.com/rust-lang/crates.io-index"
checksum = "a7a70ba024b9dc04c27ea2f0c0548feb474ec5c54bba33a7f72f873a39d07b24"

[[package]]
name = "lzma-rs"
version = "0.3.0"
source = "registry+https://github.com/rust-lang/crates.io-index"
checksum = "297e814c836ae64db86b36cf2a557ba54368d03f6afcd7d947c266692f71115e"
dependencies = [
 "byteorder",
 "crc",
]

[[package]]
name = "lzma-sys"
version = "0.1.20"
source = "registry+https://github.com/rust-lang/crates.io-index"
checksum = "5fda04ab3764e6cde78b9974eec4f779acaba7c4e84b36eca3cf77c581b85d27"
dependencies = [
 "cc",
 "libc",
 "pkg-config",
]

[[package]]
name = "memchr"
version = "2.7.4"
source = "registry+https://github.com/rust-lang/crates.io-index"
checksum = "78ca9ab1a0babb1e7d5695e3530886289c18cf2f87ec19a575a0abdce112e3a3"

[[package]]
name = "miniz_oxide"
version = "0.8.7"
source = "registry+https://github.com/rust-lang/crates.io-index"
checksum = "ff70ce3e48ae43fa075863cef62e8b43b71a4f2382229920e0df362592919430"
dependencies = [
 "adler2",
]

[[package]]
name = "num-complex"
version = "0.4.6"
source = "registry+https://github.com/rust-lang/crates.io-index"
checksum = "73f88a1307638156682bada9d7604135552957b7818057dcef22705b4d509495"
dependencies = [
 "bytemuck",
 "num-traits",
 "serde",
]

[[package]]
name = "num-conv"
version = "0.1.0"
source = "registry+https://github.com/rust-lang/crates.io-index"
checksum = "51d515d32fb182ee37cda2ccdcb92950d6a3c2893aa280e540671c2cd0f3b1d9"

[[package]]
name = "num-traits"
version = "0.2.19"
source = "registry+https://github.com/rust-lang/crates.io-index"
checksum = "071dfc062690e90b734c0b2273ce72ad0ffa95f0c74596bc250dcfd960262841"
dependencies = [
 "autocfg",
]

[[package]]
name = "once_cell"
version = "1.20.2"
source = "registry+https://github.com/rust-lang/crates.io-index"
checksum = "1261fe7e33c73b354eab43b1273a57c8f967d0391e80353e51f764ac02cf6775"

[[package]]
name = "paste"
version = "1.0.15"
source = "registry+https://github.com/rust-lang/crates.io-index"
checksum = "57c0d7b74b563b49d38dae00a0c37d4d6de9b432382b2892f0574ddcae73fd0a"

[[package]]
name = "pbkdf2"
version = "0.12.2"
source = "registry+https://github.com/rust-lang/crates.io-index"
checksum = "f8ed6a7761f76e3b9f92dfb0a60a6a6477c61024b775147ff0973a02653abaf2"
dependencies = [
 "digest",
 "hmac",
]

[[package]]
name = "pkg-config"
version = "0.3.32"
source = "registry+https://github.com/rust-lang/crates.io-index"
checksum = "7edddbd0b52d732b21ad9a5fab5c704c14cd949e5e9a1ec5929a24fded1b904c"

[[package]]
name = "powerfmt"
version = "0.2.0"
source = "registry+https://github.com/rust-lang/crates.io-index"
checksum = "439ee305def115ba05938db6eb1644ff94165c5ab5e9420d1c1bcedbba909391"

[[package]]
name = "proc-macro2"
version = "1.0.92"
source = "registry+https://github.com/rust-lang/crates.io-index"
checksum = "37d3544b3f2748c54e147655edb5025752e2303145b5aefb3c3ea2c78b973bb0"
dependencies = [
 "unicode-ident",
]

[[package]]
name = "pulp"
version = "0.21.4"
source = "registry+https://github.com/rust-lang/crates.io-index"
checksum = "95fb7a99b37aaef4c7dd2fd15a819eb8010bfc7a2c2155230d51f497316cad6d"
dependencies = [
 "bytemuck",
 "cfg-if",
 "libm",
 "num-complex",
 "reborrow",
 "version_check",
]

[[package]]
name = "quote"
version = "1.0.38"
source = "registry+https://github.com/rust-lang/crates.io-index"
checksum = "0e4dccaaaf89514f546c693ddc140f729f958c247918a13380cccc6078391acc"
dependencies = [
 "proc-macro2",
]

[[package]]
name = "r-efi"
version = "5.2.0"
source = "registry+https://github.com/rust-lang/crates.io-index"
checksum = "74765f6d916ee2faa39bc8e68e4f3ed8949b48cccdac59983d287a7cb71ce9c5"

[[package]]
name = "rand_core"
version = "0.6.4"
source = "registry+https://github.com/rust-lang/crates.io-index"
checksum = "ec0be4795e2f6a28069bec0b5ff3e2ac9bafc99e6a9a7dc3547996c5c816922c"
dependencies = [
 "getrandom 0.2.15",
]

[[package]]
name = "rayon"
version = "1.10.0"
source = "registry+https://github.com/rust-lang/crates.io-index"
checksum = "b418a60154510ca1a002a752ca9714984e21e4241e804d32555251faf8b78ffa"
dependencies = [
 "either",
 "rayon-core",
]

[[package]]
name = "rayon-core"
version = "1.12.1"
source = "registry+https://github.com/rust-lang/crates.io-index"
checksum = "1465873a3dfdaa8ae7cb14b4383657caab0b3e8a0aa9ae8e04b044854c8dfce2"
dependencies = [
 "crossbeam-deque",
 "crossbeam-utils",
]

[[package]]
name = "reborrow"
version = "0.5.5"
source = "registry+https://github.com/rust-lang/crates.io-index"
checksum = "03251193000f4bd3b042892be858ee50e8b3719f2b08e5833ac4353724632430"

[[package]]
name = "rustversion"
version = "1.0.20"
source = "registry+https://github.com/rust-lang/crates.io-index"
checksum = "eded382c5f5f786b989652c49544c4877d9f015cc22e145a5ea8ea66c2921cd2"

[[package]]
name = "ryu"
version = "1.0.19"
source = "registry+https://github.com/rust-lang/crates.io-index"
checksum = "6ea1a2d0a644769cc99faa24c3ad26b379b786fe7c36fd3c546254801650e6dd"

[[package]]
name = "serde"
version = "1.0.217"
source = "registry+https://github.com/rust-lang/crates.io-index"
checksum = "02fc4265df13d6fa1d00ecff087228cc0a2b5f3c0e87e258d8b94a156e984c70"
dependencies = [
 "serde_derive",
]

[[package]]
name = "serde-wasm-bindgen"
version = "0.6.5"
source = "registry+https://github.com/rust-lang/crates.io-index"
checksum = "8302e169f0eddcc139c70f139d19d6467353af16f9fce27e8c30158036a1e16b"
dependencies = [
 "js-sys",
 "serde",
 "wasm-bindgen",
]

[[package]]
name = "serde_derive"
version = "1.0.217"
source = "registry+https://github.com/rust-lang/crates.io-index"
checksum = "5a9bf7cf98d04a2b28aead066b7496853d4779c9cc183c440dbac457641e19a0"
dependencies = [
 "proc-macro2",
 "quote",
 "syn",
]

[[package]]
name = "serde_json"
version = "1.0.138"
source = "registry+https://github.com/rust-lang/crates.io-index"
checksum = "d434192e7da787e94a6ea7e9670b26a036d0ca41e0b7efb2676dd32bae872949"
dependencies = [
 "itoa",
 "memchr",
 "ryu",
 "serde",
]

[[package]]
name = "sha1"
version = "0.10.6"
source = "registry+https://github.com/rust-lang/crates.io-index"
checksum = "e3bf829a2d51ab4a5ddf1352d8470c140cadc8301b2ae1789db023f01cedd6ba"
dependencies = [
 "cfg-if",
 "cpufeatures",
 "digest",
]

[[package]]
name = "shlex"
version = "1.3.0"
source = "registry+https://github.com/rust-lang/crates.io-index"
checksum = "0fda2ff0d084019ba4d7c6f371c95d8fd75ce3524c3cb8fb653a3023f6323e64"

[[package]]
name = "simd-adler32"
version = "0.3.7"
source = "registry+https://github.com/rust-lang/crates.io-index"
checksum = "d66dc143e6b11c1eddc06d5c423cfc97062865baf299914ab64caa38182078fe"

[[package]]
name = "strsim"
version = "0.11.1"
source = "registry+https://github.com/rust-lang/crates.io-index"
checksum = "7da8b5736845d9f2fcb837ea5d9e2628564b3b043a70948a3f0b778838c5fb4f"

[[package]]
name = "subtle"
version = "2.6.1"
source = "registry+https://github.com/rust-lang/crates.io-index"
checksum = "13c2bddecc57b384dee18652358fb23172facb8a2c51ccc10d74c157bdea3292"

[[package]]
name = "syn"
version = "2.0.95"
source = "registry+https://github.com/rust-lang/crates.io-index"
checksum = "46f71c0377baf4ef1cc3e3402ded576dccc315800fbc62dfc7fe04b009773b4a"
dependencies = [
 "proc-macro2",
 "quote",
 "unicode-ident",
]

[[package]]
name = "tfhe"
version = "1.1.0"
source = "registry+https://github.com/rust-lang/crates.io-index"
checksum = "1f0fea7aede7b88ff9cc1b697a7427323b37bbcd7eff543f5ceeb8c52d78c820"
dependencies = [
 "aligned-vec",
 "bincode",
 "bytemuck",
 "console_error_panic_hook",
 "dyn-stack",
 "getrandom 0.2.15",
 "itertools",
 "js-sys",
 "paste",
 "pulp",
 "rand_core",
 "rayon",
 "serde",
 "serde-wasm-bindgen",
 "tfhe-csprng",
 "tfhe-fft",
 "tfhe-ntt",
 "tfhe-versionable",
 "wasm-bindgen",
]

[[package]]
name = "tfhe-csprng"
version = "0.5.0"
source = "registry+https://github.com/rust-lang/crates.io-index"
checksum = "7b1a0b71a91c9e36e9e1e8e6a528a056086b01e193e173472ae59cfaac56fdad"
dependencies = [
 "aes",
 "libc",
 "rayon",
]

[[package]]
name = "tfhe-fft"
version = "0.9.0"
source = "registry+https://github.com/rust-lang/crates.io-index"
checksum = "c8621277f2fcbcf56e4cd0e19476854bd9ac195f17f6906476826dceff4063fc"
dependencies = [
 "aligned-vec",
 "bytemuck",
 "dyn-stack",
 "js-sys",
 "num-complex",
 "pulp",
 "serde",
]

[[package]]
name = "tfhe-ntt"
version = "0.6.0"
source = "registry+https://github.com/rust-lang/crates.io-index"
checksum = "5c64925e25d6ba666f75332ce44fbd2e80be64dbd657e3c2652a6a07f2868d17"
dependencies = [
 "aligned-vec",
 "bytemuck",
 "pulp",
]

[[package]]
name = "tfhe-versionable"
version = "0.5.0"
source = "registry+https://github.com/rust-lang/crates.io-index"
checksum = "af3a2785eb45d8bbb1cf26eb19277a7398b2fc818ad5136b57f5ee280bf0c430"
dependencies = [
 "aligned-vec",
 "num-complex",
 "serde",
 "tfhe-versionable-derive",
]

[[package]]
name = "tfhe-versionable-derive"
version = "0.5.0"
source = "registry+https://github.com/rust-lang/crates.io-index"
checksum = "f221336486fd08a09dcfd035845f18ae4b742bbf6b6c21dc2121f6b3322705f7"
dependencies = [
 "proc-macro2",
 "quote",
 "syn",
]

[[package]]
name = "time"
version = "0.3.41"
source = "registry+https://github.com/rust-lang/crates.io-index"
checksum = "8a7619e19bc266e0f9c5e6686659d394bc57973859340060a69221e57dbc0c40"
dependencies = [
 "deranged",
 "num-conv",
 "powerfmt",
 "serde",
 "time-core",
]

[[package]]
name = "time-core"
version = "0.1.4"
source = "registry+https://github.com/rust-lang/crates.io-index"
checksum = "c9e9a38711f559d9e3ce1cdb06dd7c5b8ea546bc90052da6d06bb76da74bb07c"

[[package]]
name = "typenum"
version = "1.17.0"
source = "registry+https://github.com/rust-lang/crates.io-index"
checksum = "42ff0bf0c66b8238c6f3b578df37d0b7848e55df8577b3f74f92a69acceeb825"

[[package]]
name = "unicode-ident"
version = "1.0.14"
source = "registry+https://github.com/rust-lang/crates.io-index"
checksum = "adb9e6ca4f869e1180728b7950e35922a7fc6397f7b641499e8f3ef06e50dc83"

[[package]]
name = "utf8parse"
version = "0.2.2"
source = "registry+https://github.com/rust-lang/crates.io-index"
checksum = "06abde3611657adf66d383f00b093d7faecc7fa57071cce2578660c9f1010821"

[[package]]
name = "version_check"
version = "0.9.5"
source = "registry+https://github.com/rust-lang/crates.io-index"
checksum = "0b928f33d975fc6ad9f86c8f283853ad26bdd5b10b7f1542aa2fa15e2289105a"

[[package]]
name = "wasi"
version = "0.11.0+wasi-snapshot-preview1"
source = "registry+https://github.com/rust-lang/crates.io-index"
checksum = "9c8d87e72b64a3b4db28d11ce29237c246188f4f51057d65a7eab63b7987e423"

[[package]]
name = "wasi"
version = "0.14.2+wasi-0.2.4"
source = "registry+https://github.com/rust-lang/crates.io-index"
checksum = "9683f9a5a998d873c0d21fcbe3c083009670149a8fab228644b8bd36b2c48cb3"
dependencies = [
 "wit-bindgen-rt",
]

[[package]]
name = "wasm-bindgen"
version = "0.2.100"
source = "registry+https://github.com/rust-lang/crates.io-index"
checksum = "1edc8929d7499fc4e8f0be2262a241556cfc54a0bea223790e71446f2aab1ef5"
dependencies = [
 "cfg-if",
 "once_cell",
 "rustversion",
 "serde",
 "serde_json",
 "wasm-bindgen-macro",
]

[[package]]
name = "wasm-bindgen-backend"
version = "0.2.100"
source = "registry+https://github.com/rust-lang/crates.io-index"
checksum = "2f0a0651a5c2bc21487bde11ee802ccaf4c51935d0d3d42a6101f98161700bc6"
dependencies = [
 "bumpalo",
 "log",
 "proc-macro2",
 "quote",
 "syn",
 "wasm-bindgen-shared",
]

[[package]]
name = "wasm-bindgen-futures"
version = "0.4.50"
source = "registry+https://github.com/rust-lang/crates.io-index"
checksum = "555d470ec0bc3bb57890405e5d4322cc9ea83cebb085523ced7be4144dac1e61"
dependencies = [
 "cfg-if",
 "js-sys",
 "once_cell",
 "wasm-bindgen",
 "web-sys",
]

[[package]]
name = "wasm-bindgen-macro"
version = "0.2.100"
source = "registry+https://github.com/rust-lang/crates.io-index"
checksum = "7fe63fc6d09ed3792bd0897b314f53de8e16568c2b3f7982f468c0bf9bd0b407"
dependencies = [
 "quote",
 "wasm-bindgen-macro-support",
]

[[package]]
name = "wasm-bindgen-macro-support"
version = "0.2.100"
source = "registry+https://github.com/rust-lang/crates.io-index"
checksum = "8ae87ea40c9f689fc23f209965b6fb8a99ad69aeeb0231408be24920604395de"
dependencies = [
 "proc-macro2",
 "quote",
 "syn",
 "wasm-bindgen-backend",
 "wasm-bindgen-shared",
]

[[package]]
name = "wasm-bindgen-shared"
version = "0.2.100"
source = "registry+https://github.com/rust-lang/crates.io-index"
checksum = "1a05d73b933a847d6cccdda8f838a22ff101ad9bf93e33684f39c1f5f0eece3d"
dependencies = [
 "unicode-ident",
]

[[package]]
name = "web-sys"
version = "0.3.77"
source = "registry+https://github.com/rust-lang/crates.io-index"
checksum = "33b6dd2ef9186f1f2072e409e99cd22a975331a6b3591b12c764e0e55c60d5d2"
dependencies = [
 "js-sys",
 "wasm-bindgen",
]

[[package]]
name = "windows-sys"
version = "0.59.0"
source = "registry+https://github.com/rust-lang/crates.io-index"
checksum = "1e38bc4d79ed67fd075bcc251a1c39b32a1776bbe92e5bef1f0bf1f8c531853b"
dependencies = [
 "windows-targets",
]

[[package]]
name = "windows-targets"
version = "0.52.6"
source = "registry+https://github.com/rust-lang/crates.io-index"
checksum = "9b724f72796e036ab90c1021d4780d4d3d648aca59e491e6b98e725b84e99973"
dependencies = [
 "windows_aarch64_gnullvm",
 "windows_aarch64_msvc",
 "windows_i686_gnu",
 "windows_i686_gnullvm",
 "windows_i686_msvc",
 "windows_x86_64_gnu",
 "windows_x86_64_gnullvm",
 "windows_x86_64_msvc",
]

[[package]]
name = "windows_aarch64_gnullvm"
version = "0.52.6"
source = "registry+https://github.com/rust-lang/crates.io-index"
checksum = "32a4622180e7a0ec044bb555404c800bc9fd9ec262ec147edd5989ccd0c02cd3"

[[package]]
name = "windows_aarch64_msvc"
version = "0.52.6"
source = "registry+https://github.com/rust-lang/crates.io-index"
checksum = "09ec2a7bb152e2252b53fa7803150007879548bc709c039df7627cabbd05d469"

[[package]]
name = "windows_i686_gnu"
version = "0.52.6"
source = "registry+https://github.com/rust-lang/crates.io-index"
checksum = "8e9b5ad5ab802e97eb8e295ac6720e509ee4c243f69d781394014ebfe8bbfa0b"

[[package]]
name = "windows_i686_gnullvm"
version = "0.52.6"
source = "registry+https://github.com/rust-lang/crates.io-index"
checksum = "0eee52d38c090b3caa76c563b86c3a4bd71ef1a819287c19d586d7334ae8ed66"

[[package]]
name = "windows_i686_msvc"
version = "0.52.6"
source = "registry+https://github.com/rust-lang/crates.io-index"
checksum = "240948bc05c5e7c6dabba28bf89d89ffce3e303022809e73deaefe4f6ec56c66"

[[package]]
name = "windows_x86_64_gnu"
version = "0.52.6"
source = "registry+https://github.com/rust-lang/crates.io-index"
checksum = "147a5c80aabfbf0c7d901cb5895d1de30ef2907eb21fbbab29ca94c5b08b1a78"

[[package]]
name = "windows_x86_64_gnullvm"
version = "0.52.6"
source = "registry+https://github.com/rust-lang/crates.io-index"
checksum = "24d5b23dc417412679681396f2b49f3de8c1473deb516bd34410872eff51ed0d"

[[package]]
name = "windows_x86_64_msvc"
version = "0.52.6"
source = "registry+https://github.com/rust-lang/crates.io-index"
checksum = "589f6da84c646204747d1270a2a5661ea66ed1cced2631d546fdfb155959f9ec"

[[package]]
name = "wit-bindgen-rt"
version = "0.39.0"
source = "registry+https://github.com/rust-lang/crates.io-index"
checksum = "6f42320e61fe2cfd34354ecb597f86f413484a798ba44a8ca1165c58d42da6c1"
dependencies = [
 "bitflags",
]

[[package]]
name = "xz2"
version = "0.1.7"
source = "registry+https://github.com/rust-lang/crates.io-index"
checksum = "388c44dc09d76f1536602ead6d325eb532f5c122f17782bd57fb47baeeb767e2"
dependencies = [
 "lzma-sys",
]

[[package]]
name = "zeroize"
version = "1.8.1"
source = "registry+https://github.com/rust-lang/crates.io-index"
checksum = "ced3678a2879b30306d323f4542626697a464a97c0a07c9aebf7ebca65cd4dde"
dependencies = [
 "zeroize_derive",
]

[[package]]
name = "zeroize_derive"
version = "1.4.2"
source = "registry+https://github.com/rust-lang/crates.io-index"
checksum = "ce36e65b0d2999d2aafac989fb249189a141aee1f53c612c1f37d72631959f69"
dependencies = [
 "proc-macro2",
 "quote",
 "syn",
]

[[package]]
name = "zip"
version = "2.6.1"
source = "registry+https://github.com/rust-lang/crates.io-index"
checksum = "1dcb24d0152526ae49b9b96c1dcf71850ca1e0b882e4e28ed898a93c41334744"
dependencies = [
 "aes",
 "arbitrary",
 "bzip2",
 "constant_time_eq",
 "crc32fast",
 "crossbeam-utils",
 "deflate64",
 "flate2",
 "getrandom 0.3.2",
 "hmac",
 "indexmap",
 "lzma-rs",
 "memchr",
 "pbkdf2",
 "sha1",
 "time",
 "xz2",
 "zeroize",
 "zopfli",
 "zstd",
]

[[package]]
name = "zopfli"
version = "0.8.1"
source = "registry+https://github.com/rust-lang/crates.io-index"
checksum = "e5019f391bac5cf252e93bbcc53d039ffd62c7bfb7c150414d61369afe57e946"
dependencies = [
 "bumpalo",
 "crc32fast",
 "lockfree-object-pool",
 "log",
 "once_cell",
 "simd-adler32",
]

[[package]]
name = "zstd"
version = "0.13.3"
source = "registry+https://github.com/rust-lang/crates.io-index"
checksum = "e91ee311a569c327171651566e07972200e76fcfe2242a4fa446149a3881c08a"
dependencies = [
 "zstd-safe",
]

[[package]]
name = "zstd-safe"
version = "7.2.4"
source = "registry+https://github.com/rust-lang/crates.io-index"
checksum = "8f49c4d5f0abb602a93fb8736af2a4f4dd9512e36f7f570d66e65ff867ed3b9d"
dependencies = [
 "zstd-sys",
]

[[package]]
name = "zstd-sys"
version = "2.0.15+zstd.1.5.7"
source = "registry+https://github.com/rust-lang/crates.io-index"
checksum = "eb81183ddd97d0c74cedf1d50d85c8d08c1b8b68ee863bdee9e706eedba1a237"
dependencies = [
 "cc",
 "pkg-config",
]
